
Microsoft Visual Studio Solution File, Format Version 12.00
# Visual Studio Version 16
VisualStudioVersion = 16.0.30204.135
MinimumVisualStudioVersion = 10.0.40219.1
Project("{FAE04EC0-301F-11D3-BF4B-00C04F79EFBC}") = "DamaoJetty.Web", "DamaoJetty.Web\DamaoJetty.Web.csproj", "{03B82908-ED91-4DCC-AB0B-5A6EBA668DAF}"
EndProject
Project("{FAE04EC0-301F-11D3-BF4B-00C04F79EFBC}") = "BusinessLayer", "BusinessLayer\BusinessLayer.csproj", "{EC4F14A8-0A9F-420D-81F4-691BDC60082D}"
EndProject
Global
	GlobalSection(SolutionConfigurationPlatforms) = preSolution
		Debug|Any CPU = Debug|Any CPU
		Release|Any CPU = Release|Any CPU
	EndGlobalSection
	GlobalSection(ProjectConfigurationPlatforms) = postSolution
		{03B82908-ED91-4DCC-AB0B-5A6EBA668DAF}.Debug|Any CPU.ActiveCfg = Debug|Any CPU
		{03B82908-ED91-4DCC-AB0B-5A6EBA668DAF}.Debug|Any CPU.Build.0 = Debug|Any CPU
		{03B82908-ED91-4DCC-AB0B-5A6EBA668DAF}.Release|Any CPU.ActiveCfg = Release|Any CPU
		{03B82908-ED91-4DCC-AB0B-5A6EBA668DAF}.Release|Any CPU.Build.0 = Release|Any CPU
		{EC4F14A8-0A9F-420D-81F4-691BDC60082D}.Debug|Any CPU.ActiveCfg = Debug|Any CPU
		{EC4F14A8-0A9F-420D-81F4-691BDC60082D}.Debug|Any CPU.Build.0 = Debug|Any CPU
		{EC4F14A8-0A9F-420D-81F4-691BDC60082D}.Release|Any CPU.ActiveCfg = Release|Any CPU
		{EC4F14A8-0A9F-420D-81F4-691BDC60082D}.Release|Any CPU.Build.0 = Release|Any CPU
	EndGlobalSection
	GlobalSection(SolutionProperties) = preSolution
		HideSolutionNode = FALSE
	EndGlobalSection
	GlobalSection(ExtensibilityGlobals) = postSolution
		SolutionGuid = {62D36E9C-F376-41BF-8E8E-F3048A1CC8E5}
	EndGlobalSection
EndGlobal
